// !$*UTF8*$!
{
	archiveVersion = 1;
	classes = {
	};
	objectVersion = 50;
	objects = {

/* Begin PBXBuildFile section */
		56488D0A21C35DDC0058B545 /* SecoundTableViewController.swift in Sources */ = {isa = PBXBuildFile; fileRef = 56488D0921C35DDC0058B545 /* SecoundTableViewController.swift */; };
		56488D0D21C35F2F0058B545 /* CoreData.swift in Sources */ = {isa = PBXBuildFile; fileRef = 56488D0C21C35F2F0058B545 /* CoreData.swift */; };
		56DE2BD521C2F93F008C2C72 /* AppDelegate.swift in Sources */ = {isa = PBXBuildFile; fileRef = 56DE2BD421C2F93F008C2C72 /* AppDelegate.swift */; };
		56DE2BD721C2F93F008C2C72 /* ViewController.swift in Sources */ = {isa = PBXBuildFile; fileRef = 56DE2BD621C2F93F008C2C72 /* ViewController.swift */; };
		56DE2BDA21C2F93F008C2C72 /* Main.storyboard in Resources */ = {isa = PBXBuildFile; fileRef = 56DE2BD821C2F93F008C2C72 /* Main.storyboard */; };
		56DE2BDD21C2F93F008C2C72 /* TestBBVA.xcdatamodeld in Sources */ = {isa = PBXBuildFile; fileRef = 56DE2BDB21C2F93F008C2C72 /* TestBBVA.xcdatamodeld */; };
		56DE2BDF21C2F941008C2C72 /* Assets.xcassets in Resources */ = {isa = PBXBuildFile; fileRef = 56DE2BDE21C2F941008C2C72 /* Assets.xcassets */; };
		56DE2BE221C2F941008C2C72 /* LaunchScreen.storyboard in Resources */ = {isa = PBXBuildFile; fileRef = 56DE2BE021C2F941008C2C72 /* LaunchScreen.storyboard */; };
		56DE2BEA21C2FFF1008C2C72 /* MyRequestController.swift in Sources */ = {isa = PBXBuildFile; fileRef = 56DE2BE921C2FFF1008C2C72 /* MyRequestController.swift */; };
		56DE2BEF21C324F6008C2C72 /* ModelUserCurp.swift in Sources */ = {isa = PBXBuildFile; fileRef = 56DE2BEE21C324F6008C2C72 /* ModelUserCurp.swift */; };
		56DE2BF121C3253B008C2C72 /* ModelUserAddress.swift in Sources */ = {isa = PBXBuildFile; fileRef = 56DE2BF021C3253B008C2C72 /* ModelUserAddress.swift */; };
		56DE2BF621C344A7008C2C72 /* TableController.swift in Sources */ = {isa = PBXBuildFile; fileRef = 56DE2BF521C344A7008C2C72 /* TableController.swift */; };
/* End PBXBuildFile section */

/* Begin PBXFileReference section */
		56488D0921C35DDC0058B545 /* SecoundTableViewController.swift */ = {isa = PBXFileReference; lastKnownFileType = sourcecode.swift; path = SecoundTableViewController.swift; sourceTree = "<group>"; };
		56488D0C21C35F2F0058B545 /* CoreData.swift */ = {isa = PBXFileReference; lastKnownFileType = sourcecode.swift; path = CoreData.swift; sourceTree = "<group>"; };
		56DE2BD121C2F93F008C2C72 /* TestBBVA.app */ = {isa = PBXFileReference; explicitFileType = wrapper.application; includeInIndex = 0; path = TestBBVA.app; sourceTree = BUILT_PRODUCTS_DIR; };
		56DE2BD421C2F93F008C2C72 /* AppDelegate.swift */ = {isa = PBXFileReference; lastKnownFileType = sourcecode.swift; path = AppDelegate.swift; sourceTree = "<group>"; };
		56DE2BD621C2F93F008C2C72 /* ViewController.swift */ = {isa = PBXFileReference; lastKnownFileType = sourcecode.swift; path = ViewController.swift; sourceTree = "<group>"; };
		56DE2BD921C2F93F008C2C72 /* Base */ = {isa = PBXFileReference; lastKnownFileType = file.storyboard; name = Base; path = Base.lproj/Main.storyboard; sourceTree = "<group>"; };
		56DE2BDC21C2F93F008C2C72 /* TestBBVA.xcdatamodel */ = {isa = PBXFileReference; lastKnownFileType = wrapper.xcdatamodel; path = TestBBVA.xcdatamodel; sourceTree = "<group>"; };
		56DE2BDE21C2F941008C2C72 /* Assets.xcassets */ = {isa = PBXFileReference; lastKnownFileType = folder.assetcatalog; path = Assets.xcassets; sourceTree = "<group>"; };
		56DE2BE121C2F941008C2C72 /* Base */ = {isa = PBXFileReference; lastKnownFileType = file.storyboard; name = Base; path = Base.lproj/LaunchScreen.storyboard; sourceTree = "<group>"; };
		56DE2BE321C2F941008C2C72 /* Info.plist */ = {isa = PBXFileReference; lastKnownFileType = text.plist.xml; path = Info.plist; sourceTree = "<group>"; };
		56DE2BE921C2FFF1008C2C72 /* MyRequestController.swift */ = {isa = PBXFileReference; lastKnownFileType = sourcecode.swift; path = MyRequestController.swift; sourceTree = "<group>"; };
		56DE2BEE21C324F6008C2C72 /* ModelUserCurp.swift */ = {isa = PBXFileReference; lastKnownFileType = sourcecode.swift; path = ModelUserCurp.swift; sourceTree = "<group>"; };
		56DE2BF021C3253B008C2C72 /* ModelUserAddress.swift */ = {isa = PBXFileReference; lastKnownFileType = sourcecode.swift; path = ModelUserAddress.swift; sourceTree = "<group>"; };
		56DE2BF521C344A7008C2C72 /* TableController.swift */ = {isa = PBXFileReference; lastKnownFileType = sourcecode.swift; path = TableController.swift; sourceTree = "<group>"; };
/* End PBXFileReference section */

/* Begin PBXFrameworksBuildPhase section */
		56DE2BCE21C2F93F008C2C72 /* Frameworks */ = {
			isa = PBXFrameworksBuildPhase;
			buildActionMask = 2147483647;
			files = (
			);
			runOnlyForDeploymentPostprocessing = 0;
		};
/* End PBXFrameworksBuildPhase section */

/* Begin PBXGroup section */
		56488D0B21C35F190058B545 /* DataBase */ = {
			isa = PBXGroup;
			children = (
				56488D0C21C35F2F0058B545 /* CoreData.swift */,
				56DE2BDB21C2F93F008C2C72 /* TestBBVA.xcdatamodeld */,
			);
			path = DataBase;
			sourceTree = "<group>";
		};
		56DE2BC821C2F93F008C2C72 = {
			isa = PBXGroup;
			children = (
				56DE2BD321C2F93F008C2C72 /* TestBBVA */,
				56DE2BD221C2F93F008C2C72 /* Products */,
			);
			sourceTree = "<group>";
		};
		56DE2BD221C2F93F008C2C72 /* Products */ = {
			isa = PBXGroup;
			children = (
				56DE2BD121C2F93F008C2C72 /* TestBBVA.app */,
			);
			name = Products;
			sourceTree = "<group>";
		};
		56DE2BD321C2F93F008C2C72 /* TestBBVA */ = {
			isa = PBXGroup;
			children = (
				56488D0B21C35F190058B545 /* DataBase */,
				56DE2BED21C30056008C2C72 /* ModelsData */,
				56DE2BEC21C3004F008C2C72 /* Views */,
				56DE2BEB21C30047008C2C72 /* Controllers */,
				56DE2BD421C2F93F008C2C72 /* AppDelegate.swift */,
				56DE2BDE21C2F941008C2C72 /* Assets.xcassets */,
				56DE2BE021C2F941008C2C72 /* LaunchScreen.storyboard */,
				56DE2BE321C2F941008C2C72 /* Info.plist */,
			);
			path = TestBBVA;
			sourceTree = "<group>";
		};
		56DE2BEB21C30047008C2C72 /* Controllers */ = {
			isa = PBXGroup;
			children = (
				56DE2BE921C2FFF1008C2C72 /* MyRequestController.swift */,
				56DE2BD621C2F93F008C2C72 /* ViewController.swift */,
				56DE2BF521C344A7008C2C72 /* TableController.swift */,
				56488D0921C35DDC0058B545 /* SecoundTableViewController.swift */,
			);
			path = Controllers;
			sourceTree = "<group>";
		};
		56DE2BEC21C3004F008C2C72 /* Views */ = {
			isa = PBXGroup;
			children = (
				56DE2BD821C2F93F008C2C72 /* Main.storyboard */,
			);
			path = Views;
			sourceTree = "<group>";
		};
		56DE2BED21C30056008C2C72 /* ModelsData */ = {
			isa = PBXGroup;
			children = (
				56DE2BEE21C324F6008C2C72 /* ModelUserCurp.swift */,
				56DE2BF021C3253B008C2C72 /* ModelUserAddress.swift */,
			);
			path = ModelsData;
			sourceTree = "<group>";
		};
/* End PBXGroup section */

/* Begin PBXNativeTarget section */
		56DE2BD021C2F93F008C2C72 /* TestBBVA */ = {
			isa = PBXNativeTarget;
			buildConfigurationList = 56DE2BE621C2F941008C2C72 /* Build configuration list for PBXNativeTarget "TestBBVA" */;
			buildPhases = (
				56DE2BCD21C2F93F008C2C72 /* Sources */,
				56DE2BCE21C2F93F008C2C72 /* Frameworks */,
				56DE2BCF21C2F93F008C2C72 /* Resources */,
			);
			buildRules = (
			);
			dependencies = (
			);
			name = TestBBVA;
			productName = TestBBVA;
			productReference = 56DE2BD121C2F93F008C2C72 /* TestBBVA.app */;
			productType = "com.apple.product-type.application";
		};
/* End PBXNativeTarget section */

/* Begin PBXProject section */
		56DE2BC921C2F93F008C2C72 /* Project object */ = {
			isa = PBXProject;
			attributes = {
				LastSwiftUpdateCheck = 1000;
				LastUpgradeCheck = 1000;
				ORGANIZATIONNAME = Gerardo;
				TargetAttributes = {
					56DE2BD021C2F93F008C2C72 = {
						CreatedOnToolsVersion = 10.0;
					};
				};
			};
			buildConfigurationList = 56DE2BCC21C2F93F008C2C72 /* Build configuration list for PBXProject "TestBBVA" */;
			compatibilityVersion = "Xcode 9.3";
			developmentRegion = en;
			hasScannedForEncodings = 0;
			knownRegions = (
				en,
				Base,
			);
			mainGroup = 56DE2BC821C2F93F008C2C72;
			productRefGroup = 56DE2BD221C2F93F008C2C72 /* Products */;
			projectDirPath = "";
			projectRoot = "";
			targets = (
				56DE2BD021C2F93F008C2C72 /* TestBBVA */,
			);
		};
/* End PBXProject section */

/* Begin PBXResourcesBuildPhase section */
		56DE2BCF21C2F93F008C2C72 /* Resources */ = {
			isa = PBXResourcesBuildPhase;
			buildActionMask = 2147483647;
			files = (
				56DE2BE221C2F941008C2C72 /* LaunchScreen.storyboard in Resources */,
				56DE2BDF21C2F941008C2C72 /* Assets.xcassets in Resources */,
				56DE2BDA21C2F93F008C2C72 /* Main.storyboard in Resources */,
			);
			runOnlyForDeploymentPostprocessing = 0;
		};
/* End PBXResourcesBuildPhase section */

/* Begin PBXSourcesBuildPhase section */
		56DE2BCD21C2F93F008C2C72 /* Sources */ = {
			isa = PBXSourcesBuildPhase;
			buildActionMask = 2147483647;
			files = (
				56DE2BF621C344A7008C2C72 /* TableController.swift in Sources */,
				56DE2BEF21C324F6008C2C72 /* ModelUserCurp.swift in Sources */,
				56DE2BD721C2F93F008C2C72 /* ViewController.swift in Sources */,
				56DE2BDD21C2F93F008C2C72 /* TestBBVA.xcdatamodeld in Sources */,
				56488D0D21C35F2F0058B545 /* CoreData.swift in Sources */,
				56DE2BD521C2F93F008C2C72 /* AppDelegate.swift in Sources */,
				56DE2BEA21C2FFF1008C2C72 /* MyRequestController.swift in Sources */,
				56488D0A21C35DDC0058B545 /* SecoundTableViewController.swift in Sources */,
				56DE2BF121C3253B008C2C72 /* ModelUserAddress.swift in Sources */,
			);
			runOnlyForDeploymentPostprocessing = 0;
		};
/* End PBXSourcesBuildPhase section */

/* Begin PBXVariantGroup section */
		56DE2BD821C2F93F008C2C72 /* Main.storyboard */ = {
			isa = PBXVariantGroup;
			children = (
				56DE2BD921C2F93F008C2C72 /* Base */,
			);
			name = Main.storyboard;
			sourceTree = "<group>";
		};
		56DE2BE021C2F941008C2C72 /* LaunchScreen.storyboard */ = {
			isa = PBXVariantGroup;
			children = (
				56DE2BE121C2F941008C2C72 /* Base */,
			);
			name = LaunchScreen.storyboard;
			sourceTree = "<group>";
		};
/* End PBXVariantGroup section */

/* Begin XCBuildConfiguration section */
		56DE2BE421C2F941008C2C72 /* Debug */ = {
			isa = XCBuildConfiguration;
			buildSettings = {
				ALWAYS_SEARCH_USER_PATHS = NO;
				CLANG_ANALYZER_NONNULL = YES;
				CLANG_ANALYZER_NUMBER_OBJECT_CONVERSION = YES_AGGRESSIVE;
				CLANG_CXX_LANGUAGE_STANDARD = "gnu++14";
				CLANG_CXX_LIBRARY = "libc++";
				CLANG_ENABLE_MODULES = YES;
				CLANG_ENABLE_OBJC_ARC = YES;
				CLANG_ENABLE_OBJC_WEAK = YES;
				CLANG_WARN_BLOCK_CAPTURE_AUTORELEASING = YES;
				CLANG_WARN_BOOL_CONVERSION = YES;
				CLANG_WARN_COMMA = YES;
				CLANG_WARN_CONSTANT_CONVERSION = YES;
				CLANG_WARN_DEPRECATED_OBJC_IMPLEMENTATIONS = YES;
				CLANG_WARN_DIRECT_OBJC_ISA_USAGE = YES_ERROR;
				CLANG_WARN_DOCUMENTATION_COMMENTS = YES;
				CLANG_WARN_EMPTY_BODY = YES;
				CLANG_WARN_ENUM_CONVERSION = YES;
				CLANG_WARN_INFINITE_RECURSION = YES;
				CLANG_WARN_INT_CONVERSION = YES;
				CLANG_WARN_NON_LITERAL_NULL_CONVERSION = YES;
				CLANG_WARN_OBJC_IMPLICIT_RETAIN_SELF = YES;
				CLANG_WARN_OBJC_LITERAL_CONVERSION = YES;
				CLANG_WARN_OBJC_ROOT_CLASS = YES_ERROR;
				CLANG_WARN_RANGE_LOOP_ANALYSIS = YES;
				CLANG_WARN_STRICT_PROTOTYPES = YES;
				CLANG_WARN_SUSPICIOUS_MOVE = YES;
				CLANG_WARN_UNGUARDED_AVAILABILITY = YES_AGGRESSIVE;
				CLANG_WARN_UNREACHABLE_CODE = YES;
				CLANG_WARN__DUPLICATE_METHOD_MATCH = YES;
				CODE_SIGN_IDENTITY = "iPhone Developer";
				COPY_PHASE_STRIP = NO;
				DEBUG_INFORMATION_FORMAT = dwarf;
				ENABLE_STRICT_OBJC_MSGSEND = YES;
				ENABLE_TESTABILITY = YES;
				GCC_C_LANGUAGE_STANDARD = gnu11;
				GCC_DYNAMIC_NO_PIC = NO;
				GCC_NO_COMMON_BLOCKS = YES;
				GCC_OPTIMIZATION_LEVEL = 0;
				GCC_PREPROCESSOR_DEFINITIONS = (
					"DEBUG=1",
					"$(inherited)",
				);
				GCC_WARN_64_TO_32_BIT_CONVERSION = YES;
				GCC_WARN_ABOUT_RETURN_TYPE = YES_ERROR;
				GCC_WARN_UNDECLARED_SELECTOR = YES;
				GCC_WARN_UNINITIALIZED_AUTOS = YES_AGGRESSIVE;
				GCC_WARN_UNUSED_FUNCTION = YES;
				GCC_WARN_UNUSED_VARIABLE = YES;
				IPHONEOS_DEPLOYMENT_TARGET = 12.0;
				MTL_ENABLE_DEBUG_INFO = INCLUDE_SOURCE;
				MTL_FAST_MATH = YES;
				ONLY_ACTIVE_ARCH = YES;
				SDKROOT = iphoneos;
				SWIFT_ACTIVE_COMPILATION_CONDITIONS = DEBUG;
				SWIFT_OPTIMIZATION_LEVEL = "-Onone";
			};
			name = Debug;
		};
		56DE2BE521C2F941008C2C72 /* Release */ = {
			isa = XCBuildConfiguration;
			buildSettings = {
				ALWAYS_SEARCH_USER_PATHS = NO;
				CLANG_ANALYZER_NONNULL = YES;
				CLANG_ANALYZER_NUMBER_OBJECT_CONVERSION = YES_AGGRESSIVE;
				CLANG_CXX_LANGUAGE_STANDARD = "gnu++14";
				CLANG_CXX_LIBRARY = "libc++";
				CLANG_ENABLE_MODULES = YES;
				CLANG_ENABLE_OBJC_ARC = YES;
				CLANG_ENABLE_OBJC_WEAK = YES;
				CLANG_WARN_BLOCK_CAPTURE_AUTORELEASING = YES;
				CLANG_WARN_BOOL_CONVERSION = YES;
				CLANG_WARN_COMMA = YES;
				CLANG_WARN_CONSTANT_CONVERSION = YES;
				CLANG_WARN_DEPRECATED_OBJC_IMPLEMENTATIONS = YES;
				CLANG_WARN_DIRECT_OBJC_ISA_USAGE = YES_ERROR;
				CLANG_WARN_DOCUMENTATION_COMMENTS = YES;
				CLANG_WARN_EMPTY_BODY = YES;
				CLANG_WARN_ENUM_CONVERSION = YES;
				CLANG_WARN_INFINITE_RECURSION = YES;
				CLANG_WARN_INT_CONVERSION = YES;
				CLANG_WARN_NON_LITERAL_NULL_CONVERSION = YES;
				CLANG_WARN_OBJC_IMPLICIT_RETAIN_SELF = YES;
				CLANG_WARN_OBJC_LITERAL_CONVERSION = YES;
				CLANG_WARN_OBJC_ROOT_CLASS = YES_ERROR;
				CLANG_WARN_RANGE_LOOP_ANALYSIS = YES;
				CLANG_WARN_STRICT_PROTOTYPES = YES;
				CLANG_WARN_SUSPICIOUS_MOVE = YES;
				CLANG_WARN_UNGUARDED_AVAILABILITY = YES_AGGRESSIVE;
				CLANG_WARN_UNREACHABLE_CODE = YES;
				CLANG_WARN__DUPLICATE_METHOD_MATCH = YES;
				CODE_SIGN_IDENTITY = "iPhone Developer";
				COPY_PHASE_STRIP = NO;
				DEBUG_INFORMATION_FORMAT = "dwarf-with-dsym";
				ENABLE_NS_ASSERTIONS = NO;
				ENABLE_STRICT_OBJC_MSGSEND = YES;
				GCC_C_LANGUAGE_STANDARD = gnu11;
				GCC_NO_COMMON_BLOCKS = YES;
				GCC_WARN_64_TO_32_BIT_CONVERSION = YES;
				GCC_WARN_ABOUT_RETURN_TYPE = YES_ERROR;
				GCC_WARN_UNDECLARED_SELECTOR = YES;
				GCC_WARN_UNINITIALIZED_AUTOS = YES_AGGRESSIVE;
				GCC_WARN_UNUSED_FUNCTION = YES;
				GCC_WARN_UNUSED_VARIABLE = YES;
				IPHONEOS_DEPLOYMENT_TARGET = 12.0;
				MTL_ENABLE_DEBUG_INFO = NO;
				MTL_FAST_MATH = YES;
				SDKROOT = iphoneos;
				SWIFT_COMPILATION_MODE = wholemodule;
				SWIFT_OPTIMIZATION_LEVEL = "-O";
				VALIDATE_PRODUCT = YES;
			};
			name = Release;
		};
		56DE2BE721C2F941008C2C72 /* Debug */ = {
			isa = XCBuildConfiguration;
			buildSettings = {
				ASSETCATALOG_COMPILER_APPICON_NAME = AppIcon;
				CODE_SIGN_STYLE = Automatic;
				DEVELOPMENT_TEAM = ZCU3LP7DMT;
				INFOPLIST_FILE = TestBBVA/Info.plist;
				LD_RUNPATH_SEARCH_PATHS = (
					"$(inherited)",
					"@executable_path/Frameworks",
				);
				PRODUCT_BUNDLE_IDENTIFIER = UNAM.TestBBVA;
				PRODUCT_NAME = "$(TARGET_NAME)";
				SWIFT_VERSION = 4.2;
				TARGETED_DEVICE_FAMILY = "1,2";
			};
			name = Debug;
		};
		56DE2BE821C2F941008C2C72 /* Release */ = {
			isa = XCBuildConfiguration;
			buildSettings = {
				ASSETCATALOG_COMPILER_APPICON_NAME = AppIcon;
				CODE_SIGN_STYLE = Automatic;
				DEVELOPMENT_TEAM = ZCU3LP7DMT;
				INFOPLIST_FILE = TestBBVA/Info.plist;
				LD_RUNPATH_SEARCH_PATHS = (
					"$(inherited)",
					"@executable_path/Frameworks",
				);
				PRODUCT_BUNDLE_IDENTIFIER = UNAM.TestBBVA;
				PRODUCT_NAME = "$(TARGET_NAME)";
				SWIFT_VERSION = 4.2;
				TARGETED_DEVICE_FAMILY = "1,2";
			};
			name = Release;
		};
/* End XCBuildConfiguration section */

/* Begin XCConfigurationList section */
		56DE2BCC21C2F93F008C2C72 /* Build configuration list for PBXProject "TestBBVA" */ = {
			isa = XCConfigurationList;
			buildConfigurations = (
				56DE2BE421C2F941008C2C72 /* Debug */,
				56DE2BE521C2F941008C2C72 /* Release */,
			);
			defaultConfigurationIsVisible = 0;
			defaultConfigurationName = Release;
		};
		56DE2BE621C2F941008C2C72 /* Build configuration list for PBXNativeTarget "TestBBVA" */ = {
			isa = XCConfigurationList;
			buildConfigurations = (
				56DE2BE721C2F941008C2C72 /* Debug */,
				56DE2BE821C2F941008C2C72 /* Release */,
			);
			defaultConfigurationIsVisible = 0;
			defaultConfigurationName = Release;
		};
/* End XCConfigurationList section */

/* Begin XCVersionGroup section */
		56DE2BDB21C2F93F008C2C72 /* TestBBVA.xcdatamodeld */ = {
			isa = XCVersionGroup;
			children = (
				56DE2BDC21C2F93F008C2C72 /* TestBBVA.xcdatamodel */,
			);
			currentVersion = 56DE2BDC21C2F93F008C2C72 /* TestBBVA.xcdatamodel */;
			path = TestBBVA.xcdatamodeld;
			sourceTree = "<group>";
			versionGroupType = wrapper.xcdatamodel;
		};
/* End XCVersionGroup section */
	};
	rootObject = 56DE2BC921C2F93F008C2C72 /* Project object */;
}
